
Microsoft Visual Studio Solution File, Format Version 12.00
# Visual Studio Version 17
VisualStudioVersion = 17.1.32210.238
MinimumVisualStudioVersion = 10.0.40219.1
Project("{9A19103F-16F7-4668-BE54-9A1E7A4F7556}") = "DAL", "DAL\DAL.csproj", "{4015E9AD-D2C1-484E-8E5F-1277FB1C8D71}"
EndProject
Project("{9A19103F-16F7-4668-BE54-9A1E7A4F7556}") = "LOGIC", "LOGIC\LOGIC.csproj", "{F389CFEF-AAED-4437-866D-1B629F054A4E}"
EndProject
Project("{9A19103F-16F7-4668-BE54-9A1E7A4F7556}") = "API", "API\API.csproj", "{DD103DC0-0C30-4E64-BF62-9F541A1D692A}"
EndProject
Project("{9A19103F-16F7-4668-BE54-9A1E7A4F7556}") = "Entity", "Entity\Entity.csproj", "{815FB4DC-0C60-4547-B506-37B699BB4FE5}"
EndProject
Project("{9A19103F-16F7-4668-BE54-9A1E7A4F7556}") = "Albayaderweb", "AlbayaderWeb\Albayaderweb.csproj", "{8277DD05-2EAF-497D-99A5-1C6EF5431D54}"
EndProject
Global
	GlobalSection(SolutionConfigurationPlatforms) = preSolution
		Debug|Any CPU = Debug|Any CPU
		Release|Any CPU = Release|Any CPU
	EndGlobalSection
	GlobalSection(ProjectConfigurationPlatforms) = postSolution
		{4015E9AD-D2C1-484E-8E5F-1277FB1C8D71}.Debug|Any CPU.ActiveCfg = Debug|Any CPU
		{4015E9AD-D2C1-484E-8E5F-1277FB1C8D71}.Debug|Any CPU.Build.0 = Debug|Any CPU
		{4015E9AD-D2C1-484E-8E5F-1277FB1C8D71}.Release|Any CPU.ActiveCfg = Release|Any CPU
		{4015E9AD-D2C1-484E-8E5F-1277FB1C8D71}.Release|Any CPU.Build.0 = Release|Any CPU
		{F389CFEF-AAED-4437-866D-1B629F054A4E}.Debug|Any CPU.ActiveCfg = Debug|Any CPU
		{F389CFEF-AAED-4437-866D-1B629F054A4E}.Debug|Any CPU.Build.0 = Debug|Any CPU
		{F389CFEF-AAED-4437-866D-1B629F054A4E}.Release|Any CPU.ActiveCfg = Release|Any CPU
		{F389CFEF-AAED-4437-866D-1B629F054A4E}.Release|Any CPU.Build.0 = Release|Any CPU
		{DD103DC0-0C30-4E64-BF62-9F541A1D692A}.Debug|Any CPU.ActiveCfg = Debug|Any CPU
		{DD103DC0-0C30-4E64-BF62-9F541A1D692A}.Debug|Any CPU.Build.0 = Debug|Any CPU
		{DD103DC0-0C30-4E64-BF62-9F541A1D692A}.Release|Any CPU.ActiveCfg = Release|Any CPU
		{DD103DC0-0C30-4E64-BF62-9F541A1D692A}.Release|Any CPU.Build.0 = Release|Any CPU
		{815FB4DC-0C60-4547-B506-37B699BB4FE5}.Debug|Any CPU.ActiveCfg = Debug|Any CPU
		{815FB4DC-0C60-4547-B506-37B699BB4FE5}.Debug|Any CPU.Build.0 = Debug|Any CPU
		{815FB4DC-0C60-4547-B506-37B699BB4FE5}.Release|Any CPU.ActiveCfg = Release|Any CPU
		{815FB4DC-0C60-4547-B506-37B699BB4FE5}.Release|Any CPU.Build.0 = Release|Any CPU
		{8277DD05-2EAF-497D-99A5-1C6EF5431D54}.Debug|Any CPU.ActiveCfg = Debug|Any CPU
		{8277DD05-2EAF-497D-99A5-1C6EF5431D54}.Debug|Any CPU.Build.0 = Debug|Any CPU
		{8277DD05-2EAF-497D-99A5-1C6EF5431D54}.Release|Any CPU.ActiveCfg = Release|Any CPU
		{8277DD05-2EAF-497D-99A5-1C6EF5431D54}.Release|Any CPU.Build.0 = Release|Any CPU
	EndGlobalSection
	GlobalSection(SolutionProperties) = preSolution
		HideSolutionNode = FALSE
	EndGlobalSection
	GlobalSection(ExtensibilityGlobals) = postSolution
		SolutionGuid = {40232B0B-FE4C-4405-99D2-C2C3FD26A787}
	EndGlobalSection
EndGlobal
